
Microsoft Visual Studio Solution File, Format Version 12.00
# Visual Studio Version 16
VisualStudioVersion = 16.0.31005.135
MinimumVisualStudioVersion = 10.0.40219.1
Project("{2150E333-8FDC-42A3-9474-1A3956D46DE8}") = "Testing", "Testing", "{3DDDC430-CD92-4467-AE03-0987F01D6C56}"
EndProject
Project("{2150E333-8FDC-42A3-9474-1A3956D46DE8}") = "Solution Items", "Solution Items", "{FFCDA217-DFD6-4B15-8BE7-AE2697526416}"
	ProjectSection(SolutionItems) = preProject
		.gitignore = .gitignore
		azure-pipelines.yml = azure-pipelines.yml
	EndProjectSection
EndProject
Project("{9A19103F-16F7-4668-BE54-9A1E7A4F7556}") = "TestClient", "Examples\TestClient\TestClient.csproj", "{18A42AB0-303E-4B22-84D4-23F6102E15D3}"
EndProject
Project("{9A19103F-16F7-4668-BE54-9A1E7A4F7556}") = "TestServer", "Examples\TestServer\TestServer.csproj", "{6EE35715-2145-4692-A752-5E2FB016EC76}"
EndProject
Project("{9A19103F-16F7-4668-BE54-9A1E7A4F7556}") = "Simple.WebSockets.Client", "Simple.WebSockets.Client\Simple.WebSockets.Client.csproj", "{4F179F2B-5E60-4D3D-BB07-9A5EAF98527C}"
EndProject
Project("{9A19103F-16F7-4668-BE54-9A1E7A4F7556}") = "Simple.WebSockets.Server", "Simple.WebSockets.Server\Simple.WebSockets.Server.csproj", "{23756BDC-222C-4B16-84A4-DDFA03137F66}"
EndProject
Project("{9A19103F-16F7-4668-BE54-9A1E7A4F7556}") = "Simple.WebSockets.Shared", "Simple.WebSockets.Shared\Simple.WebSockets.Shared.csproj", "{B96BEE08-5447-493C-8351-6AFA5905E93F}"
EndProject
Global
	GlobalSection(SolutionConfigurationPlatforms) = preSolution
		Debug|Any CPU = Debug|Any CPU
		Release|Any CPU = Release|Any CPU
	EndGlobalSection
	GlobalSection(ProjectConfigurationPlatforms) = postSolution
		{18A42AB0-303E-4B22-84D4-23F6102E15D3}.Debug|Any CPU.ActiveCfg = Debug|Any CPU
		{18A42AB0-303E-4B22-84D4-23F6102E15D3}.Debug|Any CPU.Build.0 = Debug|Any CPU
		{18A42AB0-303E-4B22-84D4-23F6102E15D3}.Release|Any CPU.ActiveCfg = Release|Any CPU
		{18A42AB0-303E-4B22-84D4-23F6102E15D3}.Release|Any CPU.Build.0 = Release|Any CPU
		{6EE35715-2145-4692-A752-5E2FB016EC76}.Debug|Any CPU.ActiveCfg = Debug|Any CPU
		{6EE35715-2145-4692-A752-5E2FB016EC76}.Debug|Any CPU.Build.0 = Debug|Any CPU
		{6EE35715-2145-4692-A752-5E2FB016EC76}.Release|Any CPU.ActiveCfg = Release|Any CPU
		{6EE35715-2145-4692-A752-5E2FB016EC76}.Release|Any CPU.Build.0 = Release|Any CPU
		{4F179F2B-5E60-4D3D-BB07-9A5EAF98527C}.Debug|Any CPU.ActiveCfg = Debug|Any CPU
		{4F179F2B-5E60-4D3D-BB07-9A5EAF98527C}.Debug|Any CPU.Build.0 = Debug|Any CPU
		{4F179F2B-5E60-4D3D-BB07-9A5EAF98527C}.Release|Any CPU.ActiveCfg = Release|Any CPU
		{4F179F2B-5E60-4D3D-BB07-9A5EAF98527C}.Release|Any CPU.Build.0 = Release|Any CPU
		{23756BDC-222C-4B16-84A4-DDFA03137F66}.Debug|Any CPU.ActiveCfg = Debug|Any CPU
		{23756BDC-222C-4B16-84A4-DDFA03137F66}.Debug|Any CPU.Build.0 = Debug|Any CPU
		{23756BDC-222C-4B16-84A4-DDFA03137F66}.Release|Any CPU.ActiveCfg = Release|Any CPU
		{23756BDC-222C-4B16-84A4-DDFA03137F66}.Release|Any CPU.Build.0 = Release|Any CPU
		{B96BEE08-5447-493C-8351-6AFA5905E93F}.Debug|Any CPU.ActiveCfg = Debug|Any CPU
		{B96BEE08-5447-493C-8351-6AFA5905E93F}.Debug|Any CPU.Build.0 = Debug|Any CPU
		{B96BEE08-5447-493C-8351-6AFA5905E93F}.Release|Any CPU.ActiveCfg = Release|Any CPU
		{B96BEE08-5447-493C-8351-6AFA5905E93F}.Release|Any CPU.Build.0 = Release|Any CPU
	EndGlobalSection
	GlobalSection(SolutionProperties) = preSolution
		HideSolutionNode = FALSE
	EndGlobalSection
	GlobalSection(NestedProjects) = preSolution
		{18A42AB0-303E-4B22-84D4-23F6102E15D3} = {3DDDC430-CD92-4467-AE03-0987F01D6C56}
		{6EE35715-2145-4692-A752-5E2FB016EC76} = {3DDDC430-CD92-4467-AE03-0987F01D6C56}
	EndGlobalSection
	GlobalSection(ExtensibilityGlobals) = postSolution
		SolutionGuid = {D44323EB-64EF-4068-A52E-E695020D3F87}
	EndGlobalSection
EndGlobal
